
Microsoft Visual Studio Solution File, Format Version 12.00
# Visual Studio Version 16
VisualStudioVersion = 16.0.29509.3
MinimumVisualStudioVersion = 10.0.40219.1
Project("{FAE04EC0-301F-11D3-BF4B-00C04F79EFBC}") = "Learning-Experiment-1", "Learning-Experiment-1\Learning-Experiment-1.csproj", "{A93EC79D-14E1-4A2F-BCA9-234442C7726A}"
EndProject
Global
	GlobalSection(SolutionConfigurationPlatforms) = preSolution
		Debug|Any CPU = Debug|Any CPU
		Release|Any CPU = Release|Any CPU
	EndGlobalSection
	GlobalSection(ProjectConfigurationPlatforms) = postSolution
		{A93EC79D-14E1-4A2F-BCA9-234442C7726A}.Debug|Any CPU.ActiveCfg = Debug|Any CPU
		{A93EC79D-14E1-4A2F-BCA9-234442C7726A}.Debug|Any CPU.Build.0 = Debug|Any CPU
		{A93EC79D-14E1-4A2F-BCA9-234442C7726A}.Release|Any CPU.ActiveCfg = Release|Any CPU
		{A93EC79D-14E1-4A2F-BCA9-234442C7726A}.Release|Any CPU.Build.0 = Release|Any CPU
	EndGlobalSection
	GlobalSection(SolutionProperties) = preSolution
		HideSolutionNode = FALSE
	EndGlobalSection
	GlobalSection(ExtensibilityGlobals) = postSolution
		SolutionGuid = {B67E7F61-5EE7-486C-A1EF-6B91A0838C65}
	EndGlobalSection
EndGlobal
